
Microsoft Visual Studio Solution File, Format Version 12.00
# Visual Studio Version 16
VisualStudioVersion = 16.0.32602.291
MinimumVisualStudioVersion = 10.0.40219.1
Project("{FAE04EC0-301F-11D3-BF4B-00C04F79EFBC}") = "HelloWorldApp", "HelloWorldApp\HelloWorldApp.csproj", "{EAD3116E-7739-4C49-ADF7-470F24368296}"
EndProject
Global
	GlobalSection(SolutionConfigurationPlatforms) = preSolution
		Debug|Any CPU = Debug|Any CPU
		Release|Any CPU = Release|Any CPU
	EndGlobalSection
	GlobalSection(ProjectConfigurationPlatforms) = postSolution
		{EAD3116E-7739-4C49-ADF7-470F24368296}.Debug|Any CPU.ActiveCfg = Debug|Any CPU
		{EAD3116E-7739-4C49-ADF7-470F24368296}.Debug|Any CPU.Build.0 = Debug|Any CPU
		{EAD3116E-7739-4C49-ADF7-470F24368296}.Release|Any CPU.ActiveCfg = Release|Any CPU
		{EAD3116E-7739-4C49-ADF7-470F24368296}.Release|Any CPU.Build.0 = Release|Any CPU
	EndGlobalSection
	GlobalSection(SolutionProperties) = preSolution
		HideSolutionNode = FALSE
	EndGlobalSection
	GlobalSection(ExtensibilityGlobals) = postSolution
		SolutionGuid = {858F0B43-40DB-46C3-9379-5CAD7895319E}
	EndGlobalSection
EndGlobal
